// !$*UTF8*$!
{
	archiveVersion = 1;
	classes = {
	};
	objectVersion = 55;
	objects = {

/* Begin PBXBuildFile section */
		AA2D53E128866E2600F82976 /* FirebaseFirestore in Frameworks */ = {isa = PBXBuildFile; productRef = AA2D53E028866E2600F82976 /* FirebaseFirestore */; };
		AA2D53E328866E2600F82976 /* FirebaseFirestoreSwift in Frameworks */ = {isa = PBXBuildFile; productRef = AA2D53E228866E2600F82976 /* FirebaseFirestoreSwift */; };
		AA2D53E52886730C00F82976 /* GoogleService-Info.plist in Resources */ = {isa = PBXBuildFile; fileRef = AA2D53E42886730C00F82976 /* GoogleService-Info.plist */; };
		AA524F2728866B8800C4BC42 /* FirestoreViewController.swift in Sources */ = {isa = PBXBuildFile; fileRef = AA524F2628866B8800C4BC42 /* FirestoreViewController.swift */; };
		AA81548A287E243E000BD633 /* CrashViewController.swift in Sources */ = {isa = PBXBuildFile; fileRef = AA815489287E243E000BD633 /* CrashViewController.swift */; };
		AAC0E579287D1E9D00080F21 /* AppDelegate.swift in Sources */ = {isa = PBXBuildFile; fileRef = AAC0E578287D1E9D00080F21 /* AppDelegate.swift */; };
		AAC0E57B287D1E9D00080F21 /* SceneDelegate.swift in Sources */ = {isa = PBXBuildFile; fileRef = AAC0E57A287D1E9D00080F21 /* SceneDelegate.swift */; };
		AAC0E57D287D1E9D00080F21 /* ViewController.swift in Sources */ = {isa = PBXBuildFile; fileRef = AAC0E57C287D1E9D00080F21 /* ViewController.swift */; };
		AAC0E580287D1E9D00080F21 /* Main.storyboard in Resources */ = {isa = PBXBuildFile; fileRef = AAC0E57E287D1E9D00080F21 /* Main.storyboard */; };
		AAC0E582287D1E9F00080F21 /* Assets.xcassets in Resources */ = {isa = PBXBuildFile; fileRef = AAC0E581287D1E9F00080F21 /* Assets.xcassets */; };
		AAC0E585287D1E9F00080F21 /* LaunchScreen.storyboard in Resources */ = {isa = PBXBuildFile; fileRef = AAC0E583287D1E9F00080F21 /* LaunchScreen.storyboard */; };
		AAC0E590287D1FBC00080F21 /* FirebaseAnalyticsSwift in Frameworks */ = {isa = PBXBuildFile; productRef = AAC0E58F287D1FBC00080F21 /* FirebaseAnalyticsSwift */; };
		AAC0E592287D1FBC00080F21 /* FirebaseCrashlytics in Frameworks */ = {isa = PBXBuildFile; productRef = AAC0E591287D1FBC00080F21 /* FirebaseCrashlytics */; };
		AAC0E594287D1FBC00080F21 /* FirebaseRemoteConfigSwift in Frameworks */ = {isa = PBXBuildFile; productRef = AAC0E593287D1FBC00080F21 /* FirebaseRemoteConfigSwift */; };
		AAF24F3A2894CED1004CD56A /* FirebaseMessaging in Frameworks */ = {isa = PBXBuildFile; productRef = AAF24F392894CED1004CD56A /* FirebaseMessaging */; };
/* End PBXBuildFile section */

/* Begin PBXFileReference section */
		AA2D53E42886730C00F82976 /* GoogleService-Info.plist */ = {isa = PBXFileReference; fileEncoding = 4; lastKnownFileType = text.plist.xml; path = "GoogleService-Info.plist"; sourceTree = "<group>"; };
		AA524F2628866B8800C4BC42 /* FirestoreViewController.swift */ = {isa = PBXFileReference; lastKnownFileType = sourcecode.swift; path = FirestoreViewController.swift; sourceTree = "<group>"; };
		AA815489287E243E000BD633 /* CrashViewController.swift */ = {isa = PBXFileReference; lastKnownFileType = sourcecode.swift; path = CrashViewController.swift; sourceTree = "<group>"; };
		AAC0E575287D1E9D00080F21 /* FireBaseTest.app */ = {isa = PBXFileReference; explicitFileType = wrapper.application; includeInIndex = 0; path = FireBaseTest.app; sourceTree = BUILT_PRODUCTS_DIR; };
		AAC0E578287D1E9D00080F21 /* AppDelegate.swift */ = {isa = PBXFileReference; lastKnownFileType = sourcecode.swift; path = AppDelegate.swift; sourceTree = "<group>"; };
		AAC0E57A287D1E9D00080F21 /* SceneDelegate.swift */ = {isa = PBXFileReference; lastKnownFileType = sourcecode.swift; path = SceneDelegate.swift; sourceTree = "<group>"; };
		AAC0E57C287D1E9D00080F21 /* ViewController.swift */ = {isa = PBXFileReference; lastKnownFileType = sourcecode.swift; path = ViewController.swift; sourceTree = "<group>"; };
		AAC0E57F287D1E9D00080F21 /* Base */ = {isa = PBXFileReference; lastKnownFileType = file.storyboard; name = Base; path = Base.lproj/Main.storyboard; sourceTree = "<group>"; };
		AAC0E581287D1E9F00080F21 /* Assets.xcassets */ = {isa = PBXFileReference; lastKnownFileType = folder.assetcatalog; path = Assets.xcassets; sourceTree = "<group>"; };
		AAC0E584287D1E9F00080F21 /* Base */ = {isa = PBXFileReference; lastKnownFileType = file.storyboard; name = Base; path = Base.lproj/LaunchScreen.storyboard; sourceTree = "<group>"; };
		AAC0E586287D1E9F00080F21 /* Info.plist */ = {isa = PBXFileReference; lastKnownFileType = text.plist.xml; path = Info.plist; sourceTree = "<group>"; };
		AAF24F372894CDDE004CD56A /* FireBaseTest.entitlements */ = {isa = PBXFileReference; lastKnownFileType = text.plist.entitlements; path = FireBaseTest.entitlements; sourceTree = "<group>"; };
/* End PBXFileReference section */

/* Begin PBXFrameworksBuildPhase section */
		AAC0E572287D1E9D00080F21 /* Frameworks */ = {
			isa = PBXFrameworksBuildPhase;
			buildActionMask = 2147483647;
			files = (
				AAF24F3A2894CED1004CD56A /* FirebaseMessaging in Frameworks */,
				AA2D53E328866E2600F82976 /* FirebaseFirestoreSwift in Frameworks */,
				AAC0E594287D1FBC00080F21 /* FirebaseRemoteConfigSwift in Frameworks */,
				AA2D53E128866E2600F82976 /* FirebaseFirestore in Frameworks */,
				AAC0E590287D1FBC00080F21 /* FirebaseAnalyticsSwift in Frameworks */,
				AAC0E592287D1FBC00080F21 /* FirebaseCrashlytics in Frameworks */,
			);
			runOnlyForDeploymentPostprocessing = 0;
		};
/* End PBXFrameworksBuildPhase section */

/* Begin PBXGroup section */
		AAC0E56C287D1E9D00080F21 = {
			isa = PBXGroup;
			children = (
				AAC0E577287D1E9D00080F21 /* FireBaseTest */,
				AAC0E576287D1E9D00080F21 /* Products */,
			);
			sourceTree = "<group>";
		};
		AAC0E576287D1E9D00080F21 /* Products */ = {
			isa = PBXGroup;
			children = (
				AAC0E575287D1E9D00080F21 /* FireBaseTest.app */,
			);
			name = Products;
			sourceTree = "<group>";
		};
		AAC0E577287D1E9D00080F21 /* FireBaseTest */ = {
			isa = PBXGroup;
			children = (
				AAF24F372894CDDE004CD56A /* FireBaseTest.entitlements */,
				AA2D53E42886730C00F82976 /* GoogleService-Info.plist */,
				AAC0E578287D1E9D00080F21 /* AppDelegate.swift */,
				AAC0E57A287D1E9D00080F21 /* SceneDelegate.swift */,
				AAC0E57C287D1E9D00080F21 /* ViewController.swift */,
				AA815489287E243E000BD633 /* CrashViewController.swift */,
				AA524F2628866B8800C4BC42 /* FirestoreViewController.swift */,
				AAC0E57E287D1E9D00080F21 /* Main.storyboard */,
				AAC0E581287D1E9F00080F21 /* Assets.xcassets */,
				AAC0E583287D1E9F00080F21 /* LaunchScreen.storyboard */,
				AAC0E586287D1E9F00080F21 /* Info.plist */,
			);
			path = FireBaseTest;
			sourceTree = "<group>";
		};
/* End PBXGroup section */

/* Begin PBXNativeTarget section */
		AAC0E574287D1E9D00080F21 /* FireBaseTest */ = {
			isa = PBXNativeTarget;
			buildConfigurationList = AAC0E589287D1E9F00080F21 /* Build configuration list for PBXNativeTarget "FireBaseTest" */;
			buildPhases = (
				AAC0E571287D1E9D00080F21 /* Sources */,
				AAC0E572287D1E9D00080F21 /* Frameworks */,
				AAC0E573287D1E9D00080F21 /* Resources */,
				AA81548B287E669C000BD633 /* Chraslytics */,
			);
			buildRules = (
			);
			dependencies = (
			);
			name = FireBaseTest;
			packageProductDependencies = (
				AAC0E58F287D1FBC00080F21 /* FirebaseAnalyticsSwift */,
				AAC0E591287D1FBC00080F21 /* FirebaseCrashlytics */,
				AAC0E593287D1FBC00080F21 /* FirebaseRemoteConfigSwift */,
				AA2D53E028866E2600F82976 /* FirebaseFirestore */,
				AA2D53E228866E2600F82976 /* FirebaseFirestoreSwift */,
				AAF24F392894CED1004CD56A /* FirebaseMessaging */,
			);
			productName = FireBaseTest;
			productReference = AAC0E575287D1E9D00080F21 /* FireBaseTest.app */;
			productType = "com.apple.product-type.application";
		};
/* End PBXNativeTarget section */

/* Begin PBXProject section */
		AAC0E56D287D1E9D00080F21 /* Project object */ = {
			isa = PBXProject;
			attributes = {
				BuildIndependentTargetsInParallel = 1;
				LastSwiftUpdateCheck = 1340;
				LastUpgradeCheck = 1340;
				TargetAttributes = {
					AAC0E574287D1E9D00080F21 = {
						CreatedOnToolsVersion = 13.4.1;
					};
				};
			};
			buildConfigurationList = AAC0E570287D1E9D00080F21 /* Build configuration list for PBXProject "FireBaseTest" */;
			compatibilityVersion = "Xcode 13.0";
			developmentRegion = en;
			hasScannedForEncodings = 0;
			knownRegions = (
				en,
				Base,
			);
			mainGroup = AAC0E56C287D1E9D00080F21;
			packageReferences = (
				AAC0E58E287D1FBC00080F21 /* XCRemoteSwiftPackageReference "firebase-ios-sdk" */,
				AA2D53DF28866E2600F82976 /* XCRemoteSwiftPackageReference "firebase-ios-sdk" */,
				AAF24F382894CED1004CD56A /* XCRemoteSwiftPackageReference "firebase-ios-sdk" */,
			);
			productRefGroup = AAC0E576287D1E9D00080F21 /* Products */;
			projectDirPath = "";
			projectRoot = "";
			targets = (
				AAC0E574287D1E9D00080F21 /* FireBaseTest */,
			);
		};
/* End PBXProject section */

/* Begin PBXResourcesBuildPhase section */
		AAC0E573287D1E9D00080F21 /* Resources */ = {
			isa = PBXResourcesBuildPhase;
			buildActionMask = 2147483647;
			files = (
				AAC0E585287D1E9F00080F21 /* LaunchScreen.storyboard in Resources */,
				AA2D53E52886730C00F82976 /* GoogleService-Info.plist in Resources */,
				AAC0E582287D1E9F00080F21 /* Assets.xcassets in Resources */,
				AAC0E580287D1E9D00080F21 /* Main.storyboard in Resources */,
			);
			runOnlyForDeploymentPostprocessing = 0;
		};
/* End PBXResourcesBuildPhase section */

/* Begin PBXShellScriptBuildPhase section */
		AA81548B287E669C000BD633 /* Chraslytics */ = {
			isa = PBXShellScriptBuildPhase;
			buildActionMask = 2147483647;
			files = (
			);
			inputFileListPaths = (
			);
			inputPaths = (
			);
			name = Chraslytics;
			outputFileListPaths = (
			);
			outputPaths = (
			);
			runOnlyForDeploymentPostprocessing = 0;
			shellPath = /bin/sh;
			shellScript = "# Type a script or drag a script file from your workspace to insert its path.\n\"${BUILD_DIR%/Build/*}/SourcePackages/checkouts/firebase-ios-sdk/Crashlytics/run\"\n";
		};
/* End PBXShellScriptBuildPhase section */

/* Begin PBXSourcesBuildPhase section */
		AAC0E571287D1E9D00080F21 /* Sources */ = {
			isa = PBXSourcesBuildPhase;
			buildActionMask = 2147483647;
			files = (
				AA81548A287E243E000BD633 /* CrashViewController.swift in Sources */,
				AAC0E57D287D1E9D00080F21 /* ViewController.swift in Sources */,
				AAC0E579287D1E9D00080F21 /* AppDelegate.swift in Sources */,
				AA524F2728866B8800C4BC42 /* FirestoreViewController.swift in Sources */,
				AAC0E57B287D1E9D00080F21 /* SceneDelegate.swift in Sources */,
			);
			runOnlyForDeploymentPostprocessing = 0;
		};
/* End PBXSourcesBuildPhase section */

/* Begin PBXVariantGroup section */
		AAC0E57E287D1E9D00080F21 /* Main.storyboard */ = {
			isa = PBXVariantGroup;
			children = (
				AAC0E57F287D1E9D00080F21 /* Base */,
			);
			name = Main.storyboard;
			sourceTree = "<group>";
		};
		AAC0E583287D1E9F00080F21 /* LaunchScreen.storyboard */ = {
			isa = PBXVariantGroup;
			children = (
				AAC0E584287D1E9F00080F21 /* Base */,
			);
			name = LaunchScreen.storyboard;
			sourceTree = "<group>";
		};
/* End PBXVariantGroup section */

/* Begin XCBuildConfiguration section */
		AAC0E587287D1E9F00080F21 /* Debug */ = {
			isa = XCBuildConfiguration;
			buildSettings = {
				ALWAYS_SEARCH_USER_PATHS = NO;
				CLANG_ANALYZER_NONNULL = YES;
				CLANG_ANALYZER_NUMBER_OBJECT_CONVERSION = YES_AGGRESSIVE;
				CLANG_CXX_LANGUAGE_STANDARD = "gnu++17";
				CLANG_ENABLE_MODULES = YES;
				CLANG_ENABLE_OBJC_ARC = YES;
				CLANG_ENABLE_OBJC_WEAK = YES;
				CLANG_WARN_BLOCK_CAPTURE_AUTORELEASING = YES;
				CLANG_WARN_BOOL_CONVERSION = YES;
				CLANG_WARN_COMMA = YES;
				CLANG_WARN_CONSTANT_CONVERSION = YES;
				CLANG_WARN_DEPRECATED_OBJC_IMPLEMENTATIONS = YES;
				CLANG_WARN_DIRECT_OBJC_ISA_USAGE = YES_ERROR;
				CLANG_WARN_DOCUMENTATION_COMMENTS = YES;
				CLANG_WARN_EMPTY_BODY = YES;
				CLANG_WARN_ENUM_CONVERSION = YES;
				CLANG_WARN_INFINITE_RECURSION = YES;
				CLANG_WARN_INT_CONVERSION = YES;
				CLANG_WARN_NON_LITERAL_NULL_CONVERSION = YES;
				CLANG_WARN_OBJC_IMPLICIT_RETAIN_SELF = YES;
				CLANG_WARN_OBJC_LITERAL_CONVERSION = YES;
				CLANG_WARN_OBJC_ROOT_CLASS = YES_ERROR;
				CLANG_WARN_QUOTED_INCLUDE_IN_FRAMEWORK_HEADER = YES;
				CLANG_WARN_RANGE_LOOP_ANALYSIS = YES;
				CLANG_WARN_STRICT_PROTOTYPES = YES;
				CLANG_WARN_SUSPICIOUS_MOVE = YES;
				CLANG_WARN_UNGUARDED_AVAILABILITY = YES_AGGRESSIVE;
				CLANG_WARN_UNREACHABLE_CODE = YES;
				CLANG_WARN__DUPLICATE_METHOD_MATCH = YES;
				COPY_PHASE_STRIP = NO;
				DEBUG_INFORMATION_FORMAT = dwarf;
				ENABLE_STRICT_OBJC_MSGSEND = YES;
				ENABLE_TESTABILITY = YES;
				GCC_C_LANGUAGE_STANDARD = gnu11;
				GCC_DYNAMIC_NO_PIC = NO;
				GCC_NO_COMMON_BLOCKS = YES;
				GCC_OPTIMIZATION_LEVEL = 0;
				GCC_PREPROCESSOR_DEFINITIONS = (
					"DEBUG=1",
					"$(inherited)",
				);
				GCC_WARN_64_TO_32_BIT_CONVERSION = YES;
				GCC_WARN_ABOUT_RETURN_TYPE = YES_ERROR;
				GCC_WARN_UNDECLARED_SELECTOR = YES;
				GCC_WARN_UNINITIALIZED_AUTOS = YES_AGGRESSIVE;
				GCC_WARN_UNUSED_FUNCTION = YES;
				GCC_WARN_UNUSED_VARIABLE = YES;
				IPHONEOS_DEPLOYMENT_TARGET = 15.5;
				MTL_ENABLE_DEBUG_INFO = INCLUDE_SOURCE;
				MTL_FAST_MATH = YES;
				ONLY_ACTIVE_ARCH = YES;
				SDKROOT = iphoneos;
				SWIFT_ACTIVE_COMPILATION_CONDITIONS = DEBUG;
				SWIFT_OPTIMIZATION_LEVEL = "-Onone";
			};
			name = Debug;
		};
		AAC0E588287D1E9F00080F21 /* Release */ = {
			isa = XCBuildConfiguration;
			buildSettings = {
				ALWAYS_SEARCH_USER_PATHS = NO;
				CLANG_ANALYZER_NONNULL = YES;
				CLANG_ANALYZER_NUMBER_OBJECT_CONVERSION = YES_AGGRESSIVE;
				CLANG_CXX_LANGUAGE_STANDARD = "gnu++17";
				CLANG_ENABLE_MODULES = YES;
				CLANG_ENABLE_OBJC_ARC = YES;
				CLANG_ENABLE_OBJC_WEAK = YES;
				CLANG_WARN_BLOCK_CAPTURE_AUTORELEASING = YES;
				CLANG_WARN_BOOL_CONVERSION = YES;
				CLANG_WARN_COMMA = YES;
				CLANG_WARN_CONSTANT_CONVERSION = YES;
				CLANG_WARN_DEPRECATED_OBJC_IMPLEMENTATIONS = YES;
				CLANG_WARN_DIRECT_OBJC_ISA_USAGE = YES_ERROR;
				CLANG_WARN_DOCUMENTATION_COMMENTS = YES;
				CLANG_WARN_EMPTY_BODY = YES;
				CLANG_WARN_ENUM_CONVERSION = YES;
				CLANG_WARN_INFINITE_RECURSION = YES;
				CLANG_WARN_INT_CONVERSION = YES;
				CLANG_WARN_NON_LITERAL_NULL_CONVERSION = YES;
				CLANG_WARN_OBJC_IMPLICIT_RETAIN_SELF = YES;
				CLANG_WARN_OBJC_LITERAL_CONVERSION = YES;
				CLANG_WARN_OBJC_ROOT_CLASS = YES_ERROR;
				CLANG_WARN_QUOTED_INCLUDE_IN_FRAMEWORK_HEADER = YES;
				CLANG_WARN_RANGE_LOOP_ANALYSIS = YES;
				CLANG_WARN_STRICT_PROTOTYPES = YES;
				CLANG_WARN_SUSPICIOUS_MOVE = YES;
				CLANG_WARN_UNGUARDED_AVAILABILITY = YES_AGGRESSIVE;
				CLANG_WARN_UNREACHABLE_CODE = YES;
				CLANG_WARN__DUPLICATE_METHOD_MATCH = YES;
				COPY_PHASE_STRIP = NO;
				DEBUG_INFORMATION_FORMAT = "dwarf-with-dsym";
				ENABLE_NS_ASSERTIONS = NO;
				ENABLE_STRICT_OBJC_MSGSEND = YES;
				GCC_C_LANGUAGE_STANDARD = gnu11;
				GCC_NO_COMMON_BLOCKS = YES;
				GCC_WARN_64_TO_32_BIT_CONVERSION = YES;
				GCC_WARN_ABOUT_RETURN_TYPE = YES_ERROR;
				GCC_WARN_UNDECLARED_SELECTOR = YES;
				GCC_WARN_UNINITIALIZED_AUTOS = YES_AGGRESSIVE;
				GCC_WARN_UNUSED_FUNCTION = YES;
				GCC_WARN_UNUSED_VARIABLE = YES;
				IPHONEOS_DEPLOYMENT_TARGET = 15.5;
				MTL_ENABLE_DEBUG_INFO = NO;
				MTL_FAST_MATH = YES;
				SDKROOT = iphoneos;
				SWIFT_COMPILATION_MODE = wholemodule;
				SWIFT_OPTIMIZATION_LEVEL = "-O";
				VALIDATE_PRODUCT = YES;
			};
			name = Release;
		};
		AAC0E58A287D1E9F00080F21 /* Debug */ = {
			isa = XCBuildConfiguration;
			buildSettings = {
				ASSETCATALOG_COMPILER_APPICON_NAME = AppIcon;
				ASSETCATALOG_COMPILER_GLOBAL_ACCENT_COLOR_NAME = AccentColor;
				CODE_SIGN_ENTITLEMENTS = FireBaseTest/FireBaseTest.entitlements;
				CODE_SIGN_STYLE = Automatic;
				CURRENT_PROJECT_VERSION = 1;
				DEBUG_INFORMATION_FORMAT = "dwarf-with-dsym";
				DEVELOPMENT_TEAM = 9TPTHP2V2G;
				GENERATE_INFOPLIST_FILE = YES;
				INFOPLIST_FILE = FireBaseTest/Info.plist;
				INFOPLIST_KEY_UIApplicationSupportsIndirectInputEvents = YES;
				INFOPLIST_KEY_UILaunchStoryboardName = LaunchScreen;
				INFOPLIST_KEY_UIMainStoryboardFile = Main;
				INFOPLIST_KEY_UISupportedInterfaceOrientations_iPad = "UIInterfaceOrientationPortrait UIInterfaceOrientationPortraitUpsideDown UIInterfaceOrientationLandscapeLeft UIInterfaceOrientationLandscapeRight";
				INFOPLIST_KEY_UISupportedInterfaceOrientations_iPhone = "UIInterfaceOrientationPortrait UIInterfaceOrientationLandscapeLeft UIInterfaceOrientationLandscapeRight";
				LD_RUNPATH_SEARCH_PATHS = (
					"$(inherited)",
					"@executable_path/Frameworks",
				);
				MARKETING_VERSION = 1.0;
				PRODUCT_BUNDLE_IDENTIFIER = com.bugsoft.FireBaseTest;
				PRODUCT_NAME = "$(TARGET_NAME)";
				SWIFT_EMIT_LOC_STRINGS = YES;
				SWIFT_VERSION = 5.0;
				TARGETED_DEVICE_FAMILY = "1,2";
			};
			name = Debug;
		};
		AAC0E58B287D1E9F00080F21 /* Release */ = {
			isa = XCBuildConfiguration;
			buildSettings = {
				ASSETCATALOG_COMPILER_APPICON_NAME = AppIcon;
				ASSETCATALOG_COMPILER_GLOBAL_ACCENT_COLOR_NAME = AccentColor;
				CODE_SIGN_ENTITLEMENTS = FireBaseTest/FireBaseTest.entitlements;
				CODE_SIGN_STYLE = Automatic;
				CURRENT_PROJECT_VERSION = 1;
				DEBUG_INFORMATION_FORMAT = "dwarf-with-dsym";
				DEVELOPMENT_TEAM = 9TPTHP2V2G;
				GENERATE_INFOPLIST_FILE = YES;
				INFOPLIST_FILE = FireBaseTest/Info.plist;
				INFOPLIST_KEY_UIApplicationSupportsIndirectInputEvents = YES;
				INFOPLIST_KEY_UILaunchStoryboardName = LaunchScreen;
				INFOPLIST_KEY_UIMainStoryboardFile = Main;
				INFOPLIST_KEY_UISupportedInterfaceOrientations_iPad = "UIInterfaceOrientationPortrait UIInterfaceOrientationPortraitUpsideDown UIInterfaceOrientationLandscapeLeft UIInterfaceOrientationLandscapeRight";
				INFOPLIST_KEY_UISupportedInterfaceOrientations_iPhone = "UIInterfaceOrientationPortrait UIInterfaceOrientationLandscapeLeft UIInterfaceOrientationLandscapeRight";
				LD_RUNPATH_SEARCH_PATHS = (
					"$(inherited)",
					"@executable_path/Frameworks",
				);
				MARKETING_VERSION = 1.0;
				PRODUCT_BUNDLE_IDENTIFIER = com.bugsoft.FireBaseTest;
				PRODUCT_NAME = "$(TARGET_NAME)";
				SWIFT_EMIT_LOC_STRINGS = YES;
				SWIFT_VERSION = 5.0;
				TARGETED_DEVICE_FAMILY = "1,2";
			};
			name = Release;
		};
/* End XCBuildConfiguration section */

/* Begin XCConfigurationList section */
		AAC0E570287D1E9D00080F21 /* Build configuration list for PBXProject "FireBaseTest" */ = {
			isa = XCConfigurationList;
			buildConfigurations = (
				AAC0E587287D1E9F00080F21 /* Debug */,
				AAC0E588287D1E9F00080F21 /* Release */,
			);
			defaultConfigurationIsVisible = 0;
			defaultConfigurationName = Release;
		};
		AAC0E589287D1E9F00080F21 /* Build configuration list for PBXNativeTarget "FireBaseTest" */ = {
			isa = XCConfigurationList;
			buildConfigurations = (
				AAC0E58A287D1E9F00080F21 /* Debug */,
				AAC0E58B287D1E9F00080F21 /* Release */,
			);
			defaultConfigurationIsVisible = 0;
			defaultConfigurationName = Release;
		};
/* End XCConfigurationList section */

/* Begin XCRemoteSwiftPackageReference section */
		AA2D53DF28866E2600F82976 /* XCRemoteSwiftPackageReference "firebase-ios-sdk" */ = {
			isa = XCRemoteSwiftPackageReference;
			repositoryURL = "https://github.com/firebase/firebase-ios-sdk";
			requirement = {
				branch = master;
				kind = branch;
			};
		};
		AAC0E58E287D1FBC00080F21 /* XCRemoteSwiftPackageReference "firebase-ios-sdk" */ = {
			isa = XCRemoteSwiftPackageReference;
			repositoryURL = "https://github.com/firebase/firebase-ios-sdk";
			requirement = {
				kind = upToNextMajorVersion;
				minimumVersion = 9.0.0;
			};
		};
		AAF24F382894CED1004CD56A /* XCRemoteSwiftPackageReference "firebase-ios-sdk" */ = {
			isa = XCRemoteSwiftPackageReference;
			repositoryURL = "https://github.com/firebase/firebase-ios-sdk";
			requirement = {
				branch = master;
				kind = branch;
			};
		};
/* End XCRemoteSwiftPackageReference section */

/* Begin XCSwiftPackageProductDependency section */
		AA2D53E028866E2600F82976 /* FirebaseFirestore */ = {
			isa = XCSwiftPackageProductDependency;
			package = AA2D53DF28866E2600F82976 /* XCRemoteSwiftPackageReference "firebase-ios-sdk" */;
			productName = FirebaseFirestore;
		};
		AA2D53E228866E2600F82976 /* FirebaseFirestoreSwift */ = {
			isa = XCSwiftPackageProductDependency;
			package = AA2D53DF28866E2600F82976 /* XCRemoteSwiftPackageReference "firebase-ios-sdk" */;
			productName = FirebaseFirestoreSwift;
		};
		AAC0E58F287D1FBC00080F21 /* FirebaseAnalyticsSwift */ = {
			isa = XCSwiftPackageProductDependency;
			package = AAC0E58E287D1FBC00080F21 /* XCRemoteSwiftPackageReference "firebase-ios-sdk" */;
			productName = FirebaseAnalyticsSwift;
		};
		AAC0E591287D1FBC00080F21 /* FirebaseCrashlytics */ = {
			isa = XCSwiftPackageProductDependency;
			package = AAC0E58E287D1FBC00080F21 /* XCRemoteSwiftPackageReference "firebase-ios-sdk" */;
			productName = FirebaseCrashlytics;
		};
		AAC0E593287D1FBC00080F21 /* FirebaseRemoteConfigSwift */ = {
			isa = XCSwiftPackageProductDependency;
			package = AAC0E58E287D1FBC00080F21 /* XCRemoteSwiftPackageReference "firebase-ios-sdk" */;
			productName = FirebaseRemoteConfigSwift;
		};
		AAF24F392894CED1004CD56A /* FirebaseMessaging */ = {
			isa = XCSwiftPackageProductDependency;
			package = AA2D53DF28866E2600F82976 /* XCRemoteSwiftPackageReference "firebase-ios-sdk" */;
			productName = FirebaseMessaging;
		};
/* End XCSwiftPackageProductDependency section */
	};
	rootObject = AAC0E56D287D1E9D00080F21 /* Project object */;
}
